
Microsoft Visual Studio Solution File, Format Version 12.00
# Visual Studio Version 17
VisualStudioVersion = 17.11.35312.102
MinimumVisualStudioVersion = 10.0.40219.1
Project("{FAE04EC0-301F-11D3-BF4B-00C04F79EFBC}") = "LinqApplication_1", "LinqApplication_1.csproj", "{A758DF4A-D743-4AB4-8F65-F5E76C607FF4}"
EndProject
Global
	GlobalSection(SolutionConfigurationPlatforms) = preSolution
		Debug|Any CPU = Debug|Any CPU
		Release|Any CPU = Release|Any CPU
	EndGlobalSection
	GlobalSection(ProjectConfigurationPlatforms) = postSolution
		{A758DF4A-D743-4AB4-8F65-F5E76C607FF4}.Debug|Any CPU.ActiveCfg = Debug|Any CPU
		{A758DF4A-D743-4AB4-8F65-F5E76C607FF4}.Debug|Any CPU.Build.0 = Debug|Any CPU
		{A758DF4A-D743-4AB4-8F65-F5E76C607FF4}.Release|Any CPU.ActiveCfg = Release|Any CPU
		{A758DF4A-D743-4AB4-8F65-F5E76C607FF4}.Release|Any CPU.Build.0 = Release|Any CPU
	EndGlobalSection
	GlobalSection(SolutionProperties) = preSolution
		HideSolutionNode = FALSE
	EndGlobalSection
	GlobalSection(ExtensibilityGlobals) = postSolution
		SolutionGuid = {72BED623-35DE-4516-9A2D-CBFDEC18167E}
	EndGlobalSection
EndGlobal
